# THIS IS AN AUTOGENERATED FILE. DO NOT EDIT THIS FILE DIRECTLY.
# yarn lockfile v1


graphql-ws@^5.12.1:
  version "5.12.1"
  resolved "https://registry.yarnpkg.com/graphql-ws/-/graphql-ws-5.12.1.tgz#c62d5ac54dbd409cc6520b0b39de374b3d59d0dd"
  integrity sha512-umt4f5NnMK46ChM2coO36PTFhHouBrK9stWWBczERguwYrGnPNxJ9dimU6IyOBfOkC6Izhkg4H8+F51W/8CYDg==

graphql@^16.6.0:
  version "16.6.0"
  resolved "https://registry.yarnpkg.com/graphql/-/graphql-16.6.0.tgz#c2dcffa4649db149f6282af726c8c83f1c7c5fdb"
  integrity sha512-KPIBPDlW7NxrbT/eh4qPXz5FiFdL5UbaA0XUNz2Rp3Z3hqBSkbj0GVjwFDztsWVauZUWsbKHgMg++sk8UX0bkw==

ws@^8.13.0:
  version "8.13.0"
  resolved "https://registry.yarnpkg.com/ws/-/ws-8.13.0.tgz#9a9fb92f93cf41512a0735c8f4dd09b8a1211cd0"
  integrity sha512-x9vcZYTrFPC7aSIbj7sRCYo7L/Xb8Iy+pW0ng0wt2vCJv7M9HOMy0UoN3rr+IFC7hb7vXoqS+P9ktyLLLhO+LA==
